
Microsoft Visual Studio Solution File, Format Version 12.00
# Visual Studio Version 16
VisualStudioVersion = 16.0.30225.117
MinimumVisualStudioVersion = 10.0.40219.1
Project("{2150E333-8FDC-42A3-9474-1A3956D46DE8}") = "Solution Items", "Solution Items", "{1609B615-A0D7-4606-B639-317E91A4F11B}"
	ProjectSection(SolutionItems) = preProject
		DiceNotation.CoreClass\DiceNotation.nuspec = DiceNotation.CoreClass\DiceNotation.nuspec
		LICENSE.txt = LICENSE.txt
		README.md = README.md
	EndProjectSection
EndProject
Project("{9A19103F-16F7-4668-BE54-9A1E7A4F7556}") = "DiceNotation.CoreClass", "DiceNotation.CoreClass\DiceNotation.CoreClass.csproj", "{94A3C43B-FB35-425D-8ECE-17C7A0515CDF}"
EndProject
Project("{FAE04EC0-301F-11D3-BF4B-00C04F79EFBC}") = "DiceNotation.CLI", "DiceNotationCLI\DiceNotation.CLI.csproj", "{F653DDD7-2C9D-4D73-BCBA-A7B4F01EF4B2}"
EndProject
Global
	GlobalSection(SolutionConfigurationPlatforms) = preSolution
		Debug|Any CPU = Debug|Any CPU
		Release|Any CPU = Release|Any CPU
	EndGlobalSection
	GlobalSection(ProjectConfigurationPlatforms) = postSolution
		{94A3C43B-FB35-425D-8ECE-17C7A0515CDF}.Debug|Any CPU.ActiveCfg = Debug|Any CPU
		{94A3C43B-FB35-425D-8ECE-17C7A0515CDF}.Debug|Any CPU.Build.0 = Debug|Any CPU
		{94A3C43B-FB35-425D-8ECE-17C7A0515CDF}.Release|Any CPU.ActiveCfg = Release|Any CPU
		{94A3C43B-FB35-425D-8ECE-17C7A0515CDF}.Release|Any CPU.Build.0 = Release|Any CPU
		{F653DDD7-2C9D-4D73-BCBA-A7B4F01EF4B2}.Debug|Any CPU.ActiveCfg = Debug|Any CPU
		{F653DDD7-2C9D-4D73-BCBA-A7B4F01EF4B2}.Debug|Any CPU.Build.0 = Debug|Any CPU
		{F653DDD7-2C9D-4D73-BCBA-A7B4F01EF4B2}.Release|Any CPU.ActiveCfg = Release|Any CPU
		{F653DDD7-2C9D-4D73-BCBA-A7B4F01EF4B2}.Release|Any CPU.Build.0 = Release|Any CPU
	EndGlobalSection
	GlobalSection(SolutionProperties) = preSolution
		HideSolutionNode = FALSE
	EndGlobalSection
	GlobalSection(ExtensibilityGlobals) = postSolution
		SolutionGuid = {33C5F646-C9F7-419B-8E0B-C467798E583A}
	EndGlobalSection
EndGlobal
