
Microsoft Visual Studio Solution File, Format Version 12.00
# Visual Studio 14
VisualStudioVersion = 14.0.25420.1
MinimumVisualStudioVersion = 10.0.40219.1
Project("{2150E333-8FDC-42A3-9474-1A3956D46DE8}") = "Solution Items", "Solution Items", "{1609B615-A0D7-4606-B639-317E91A4F11B}"
	ProjectSection(SolutionItems) = preProject
		DiceNotation.CoreClass\DiceNotation.nuspec = DiceNotation.CoreClass\DiceNotation.nuspec
		LICENSE.txt = LICENSE.txt
		README.md = README.md
	EndProjectSection
EndProject
Project("{8BB2217D-0F2D-49D1-97BC-3654ED321F3B}") = "DiceNotation", "DiceNotation.CoreClass\DiceNotation.xproj", "{CE2BC8CC-07C0-4996-84D1-D31E4DC068D4}"
EndProject
Global
	GlobalSection(SolutionConfigurationPlatforms) = preSolution
		Debug|Any CPU = Debug|Any CPU
		Release|Any CPU = Release|Any CPU
	EndGlobalSection
	GlobalSection(ProjectConfigurationPlatforms) = postSolution
		{CE2BC8CC-07C0-4996-84D1-D31E4DC068D4}.Debug|Any CPU.ActiveCfg = Debug|Any CPU
		{CE2BC8CC-07C0-4996-84D1-D31E4DC068D4}.Debug|Any CPU.Build.0 = Debug|Any CPU
		{CE2BC8CC-07C0-4996-84D1-D31E4DC068D4}.Release|Any CPU.ActiveCfg = Release|Any CPU
		{CE2BC8CC-07C0-4996-84D1-D31E4DC068D4}.Release|Any CPU.Build.0 = Release|Any CPU
	EndGlobalSection
	GlobalSection(SolutionProperties) = preSolution
		HideSolutionNode = FALSE
	EndGlobalSection
EndGlobal
